
Microsoft Visual Studio Solution File, Format Version 12.00
# Visual Studio 2015
Project("{FAE04EC0-301F-11D3-BF4B-00C04F79EFBC}") = "melee_circle_ai.CSharp", "melee_circle_ai.CSharp.csproj", "{F79C44E7-7069-690B-6DDC-1AD59C424AE1}"
EndProject
Global
	GlobalSection(SolutionConfigurationPlatforms) = preSolution
		Debug|Any CPU = Debug|Any CPU
		Release|Any CPU = Release|Any CPU
	EndGlobalSection
	GlobalSection(ProjectConfigurationPlatforms) = postSolution
		{F79C44E7-7069-690B-6DDC-1AD59C424AE1}.Debug|Any CPU.ActiveCfg = Debug|Any CPU
		{F79C44E7-7069-690B-6DDC-1AD59C424AE1}.Debug|Any CPU.Build.0 = Debug|Any CPU
		{F79C44E7-7069-690B-6DDC-1AD59C424AE1}.Release|Any CPU.ActiveCfg = Release|Any CPU
		{F79C44E7-7069-690B-6DDC-1AD59C424AE1}.Release|Any CPU.Build.0 = Release|Any CPU
	EndGlobalSection
	GlobalSection(SolutionProperties) = preSolution
		HideSolutionNode = FALSE
	EndGlobalSection
EndGlobal
